uuid: e41de759-af9c-4bfa-807f-a0a02ecf17e3
langcode: en
status: true
dependencies:
  module:
    - alpha_vantage
  theme:
    - bartik
id: asimpleblock
theme: bartik
region: sidebar_first
weight: -5
provider: null
plugin: simple_block
settings:
  id: simple_block
  label: 'Simple block'
  provider: alpha_vantage
  label_display: visible
visibility: {  }
